[[package]]
category = "dev"
description = "Enables Python programs to dynamically access arbitrary Java objects"
name = "py4j"
optional = false
python-versions = "*"
version = "0.10.7"

[[package]]
category = "dev"
description = "Apache Spark Python API"
name = "pyspark"
optional = false
python-versions = "*"
version = "2.4.6"

[package.dependencies]
py4j = "0.10.7"

[package.extras]
ml = ["numpy (>=1.7)"]
mllib = ["numpy (>=1.7)"]
sql = ["pandas (>=0.19.2)", "pyarrow (>=0.8.0)"]

[metadata]
content-hash = "2b7055a7b932aaf9fccc03ba8ee219df383e68cfd85d29adb7b2bcaed3968a4e"
python-versions = "*"

[metadata.files]
py4j = [
    {file = "py4j-0.10.7-py2.py3-none-any.whl", hash = "sha256:a950fe7de1bfd247a0a4dddb9118f332d22a89e01e0699135ea8038c15ee1293"},
    {file = "py4j-0.10.7.zip", hash = "sha256:721189616b3a7d28212dfb2e7c6a1dd5147b03105f1fc37ff2432acd0e863fa5"},
]
pyspark = [
    {file = "pyspark-2.4.6.tar.gz", hash = "sha256:b4b319a3ffd187a3019f654ae1c8ac38048bcec2940f8cecdef829302d166feb"},
]
